<?xml version="1.0" encoding="UTF-8"?>
<CodeBlocks_project_file>
	<FileVersion major="1" minor="6"/>
	<Project>
		<Option title="NeuralNetworkProject"/>
		<Option makefile_is_custom="1"/>
		<Option compiler="gcc"/>
		<Option virtualFolders="CMake Files\;CMake Files\..\;CMake Files\..\..\;CMake Files\..\..\..\;CMake Files\..\..\..\..\;CMake Files\..\..\..\..\usr\;CMake Files\..\..\..\..\usr\local\;CMake Files\..\..\..\..\usr\local\share\;CMake Files\..\..\..\..\usr\local\share\eigen3\;CMake Files\..\..\..\..\usr\local\share\eigen3\cmake\;"/>
		<Build>
			<Target title="all">
				<Option working_dir="/home/zabulskyy/Projects/Parallel-NN-C++"/>
				<Option type="4"/>
				<MakeCommands>
					<Build command="/usr/bin/make -f &quot;/home/zabulskyy/Projects/Parallel-NN-C++/Makefile&quot;  VERBOSE=1 all"/>
					<CompileFile command="/usr/bin/make -f &quot;/home/zabulskyy/Projects/Parallel-NN-C++/Makefile&quot;  VERBOSE=1 &quot;$file&quot;"/>
					<Clean command="/usr/bin/make -f &quot;/home/zabulskyy/Projects/Parallel-NN-C++/Makefile&quot;  VERBOSE=1 clean"/>
					<DistClean command="/usr/bin/make -f &quot;/home/zabulskyy/Projects/Parallel-NN-C++/Makefile&quot;  VERBOSE=1 clean"/>
				</MakeCommands>
			</Target>
			<Target title="rebuild_cache">
				<Option working_dir="/home/zabulskyy/Projects/Parallel-NN-C++"/>
				<Option type="4"/>
				<MakeCommands>
					<Build command="/usr/bin/make -f &quot;/home/zabulskyy/Projects/Parallel-NN-C++/Makefile&quot;  VERBOSE=1 rebuild_cache"/>
					<CompileFile command="/usr/bin/make -f &quot;/home/zabulskyy/Projects/Parallel-NN-C++/Makefile&quot;  VERBOSE=1 &quot;$file&quot;"/>
					<Clean command="/usr/bin/make -f &quot;/home/zabulskyy/Projects/Parallel-NN-C++/Makefile&quot;  VERBOSE=1 clean"/>
					<DistClean command="/usr/bin/make -f &quot;/home/zabulskyy/Projects/Parallel-NN-C++/Makefile&quot;  VERBOSE=1 clean"/>
				</MakeCommands>
			</Target>
			<Target title="edit_cache">
				<Option working_dir="/home/zabulskyy/Projects/Parallel-NN-C++"/>
				<Option type="4"/>
				<MakeCommands>
					<Build command="/usr/bin/make -f &quot;/home/zabulskyy/Projects/Parallel-NN-C++/Makefile&quot;  VERBOSE=1 edit_cache"/>
					<CompileFile command="/usr/bin/make -f &quot;/home/zabulskyy/Projects/Parallel-NN-C++/Makefile&quot;  VERBOSE=1 &quot;$file&quot;"/>
					<Clean command="/usr/bin/make -f &quot;/home/zabulskyy/Projects/Parallel-NN-C++/Makefile&quot;  VERBOSE=1 clean"/>
					<DistClean command="/usr/bin/make -f &quot;/home/zabulskyy/Projects/Parallel-NN-C++/Makefile&quot;  VERBOSE=1 clean"/>
				</MakeCommands>
			</Target>
			<Target title="test_test">
				<Option output="/home/zabulskyy/Projects/Parallel-NN-C++/test_test" prefix_auto="0" extension_auto="0"/>
				<Option working_dir="/home/zabulskyy/Projects/Parallel-NN-C++"/>
				<Option object_output="./"/>
				<Option type="1"/>
				<Option compiler="gcc"/>
				<Compiler>
					<Add directory="/usr/local/include/eigen3"/>
				</Compiler>
				<MakeCommands>
					<Build command="/usr/bin/make -f &quot;/home/zabulskyy/Projects/Parallel-NN-C++/Makefile&quot;  VERBOSE=1 test_test"/>
					<CompileFile command="/usr/bin/make -f &quot;/home/zabulskyy/Projects/Parallel-NN-C++/Makefile&quot;  VERBOSE=1 &quot;$file&quot;"/>
					<Clean command="/usr/bin/make -f &quot;/home/zabulskyy/Projects/Parallel-NN-C++/Makefile&quot;  VERBOSE=1 clean"/>
					<DistClean command="/usr/bin/make -f &quot;/home/zabulskyy/Projects/Parallel-NN-C++/Makefile&quot;  VERBOSE=1 clean"/>
				</MakeCommands>
			</Target>
			<Target title="test_test/fast">
				<Option output="/home/zabulskyy/Projects/Parallel-NN-C++/test_test" prefix_auto="0" extension_auto="0"/>
				<Option working_dir="/home/zabulskyy/Projects/Parallel-NN-C++"/>
				<Option object_output="./"/>
				<Option type="1"/>
				<Option compiler="gcc"/>
				<Compiler>
					<Add directory="/usr/local/include/eigen3"/>
				</Compiler>
				<MakeCommands>
					<Build command="/usr/bin/make -f &quot;/home/zabulskyy/Projects/Parallel-NN-C++/Makefile&quot;  VERBOSE=1 test_test/fast"/>
					<CompileFile command="/usr/bin/make -f &quot;/home/zabulskyy/Projects/Parallel-NN-C++/Makefile&quot;  VERBOSE=1 &quot;$file&quot;"/>
					<Clean command="/usr/bin/make -f &quot;/home/zabulskyy/Projects/Parallel-NN-C++/Makefile&quot;  VERBOSE=1 clean"/>
					<DistClean command="/usr/bin/make -f &quot;/home/zabulskyy/Projects/Parallel-NN-C++/Makefile&quot;  VERBOSE=1 clean"/>
				</MakeCommands>
			</Target>
		</Build>
		<Unit filename="/home/zabulskyy/Projects/Parallel-NN-C++/activation.cpp">
			<Option target="test_test"/>
		</Unit>
		<Unit filename="/home/zabulskyy/Projects/Parallel-NN-C++/activation.h">
			<Option target="test_test"/>
		</Unit>
		<Unit filename="/home/zabulskyy/Projects/Parallel-NN-C++/dense.cpp">
			<Option target="test_test"/>
		</Unit>
		<Unit filename="/home/zabulskyy/Projects/Parallel-NN-C++/dense.h">
			<Option target="test_test"/>
		</Unit>
		<Unit filename="/home/zabulskyy/Projects/Parallel-NN-C++/layer.h">
			<Option target="test_test"/>
		</Unit>
		<Unit filename="/home/zabulskyy/Projects/Parallel-NN-C++/neural_network.cpp">
			<Option target="test_test"/>
		</Unit>
		<Unit filename="/home/zabulskyy/Projects/Parallel-NN-C++/neural_network.h">
			<Option target="test_test"/>
		</Unit>
		<Unit filename="/home/zabulskyy/Projects/Parallel-NN-C++/test.cpp">
			<Option target="test_test"/>
		</Unit>
		<Unit filename="/home/zabulskyy/Projects/Parallel-NN-C++/test.h">
			<Option target="test_test"/>
		</Unit>
		<Unit filename="/home/zabulskyy/Projects/Parallel-NN-C++/CMakeLists.txt">
			<Option virtualFolder="CMake Files\"/>
		</Unit>
		<Unit filename="/home/zabulskyy/Projects/Parallel-NN-C++/../../../../usr/local/share/eigen3/cmake/Eigen3Config.cmake">
			<Option virtualFolder="CMake Files\..\..\..\..\usr\local\share\eigen3\cmake\"/>
		</Unit>
		<Unit filename="/home/zabulskyy/Projects/Parallel-NN-C++/../../../../usr/local/share/eigen3/cmake/Eigen3ConfigVersion.cmake">
			<Option virtualFolder="CMake Files\..\..\..\..\usr\local\share\eigen3\cmake\"/>
		</Unit>
		<Unit filename="/home/zabulskyy/Projects/Parallel-NN-C++/../../../../usr/local/share/eigen3/cmake/Eigen3Targets.cmake">
			<Option virtualFolder="CMake Files\..\..\..\..\usr\local\share\eigen3\cmake\"/>
		</Unit>
	</Project>
</CodeBlocks_project_file>
